
Microsoft Visual Studio Solution File, Format Version 11.00
# Visual Studio 2010
Project("{F184B08F-C81C-45F6-A57F-5ABD9991F28F}") = "CrudInventorymanagementsystem", "CrudInventorymanagementsystem\CrudInventorymanagementsystem.vbproj", "{53249257-4413-4222-A0C2-E8222D928D58}"
EndProject
Global
	GlobalSection(SolutionConfigurationPlatforms) = preSolution
		Debug|x86 = Debug|x86
		Release|x86 = Release|x86
	EndGlobalSection
	GlobalSection(ProjectConfigurationPlatforms) = postSolution
		{53249257-4413-4222-A0C2-E8222D928D58}.Debug|x86.ActiveCfg = Debug|x86
		{53249257-4413-4222-A0C2-E8222D928D58}.Debug|x86.Build.0 = Debug|x86
		{53249257-4413-4222-A0C2-E8222D928D58}.Release|x86.ActiveCfg = Release|x86
		{53249257-4413-4222-A0C2-E8222D928D58}.Release|x86.Build.0 = Release|x86
	EndGlobalSection
	GlobalSection(SolutionProperties) = preSolution
		HideSolutionNode = FALSE
	EndGlobalSection
EndGlobal
